
Microsoft Visual Studio Solution File, Format Version 12.00
# Visual Studio Version 17
VisualStudioVersion = 17.14.36408.4 d17.14
MinimumVisualStudioVersion = 10.0.40219.1
Project("{FAE04EC0-301F-11D3-BF4B-00C04F79EFBC}") = "4JLSC-YaelLopez-09", "4JLSC-YaelLopez-09.csproj", "{812A7C36-4E47-41A2-B94F-2D1B6FE5BCC5}"
EndProject
Global
	GlobalSection(SolutionConfigurationPlatforms) = preSolution
		Debug|Any CPU = Debug|Any CPU
		Release|Any CPU = Release|Any CPU
	EndGlobalSection
	GlobalSection(ProjectConfigurationPlatforms) = postSolution
		{812A7C36-4E47-41A2-B94F-2D1B6FE5BCC5}.Debug|Any CPU.ActiveCfg = Debug|Any CPU
		{812A7C36-4E47-41A2-B94F-2D1B6FE5BCC5}.Debug|Any CPU.Build.0 = Debug|Any CPU
		{812A7C36-4E47-41A2-B94F-2D1B6FE5BCC5}.Release|Any CPU.ActiveCfg = Release|Any CPU
		{812A7C36-4E47-41A2-B94F-2D1B6FE5BCC5}.Release|Any CPU.Build.0 = Release|Any CPU
	EndGlobalSection
	GlobalSection(SolutionProperties) = preSolution
		HideSolutionNode = FALSE
	EndGlobalSection
	GlobalSection(ExtensibilityGlobals) = postSolution
		SolutionGuid = {FDAFA723-18CF-43EE-A9F0-205214516038}
	EndGlobalSection
EndGlobal
